// !$*UTF8*$!
{
	archiveVersion = 1;
	classes = {
	};
	objectVersion = 56;
	objects = {

/* Begin PBXBuildFile section */
		E5396E6329A571E4009695BD /* TopRatedCard.swift in Sources */ = {isa = PBXBuildFile; fileRef = E5396E6229A571E4009695BD /* TopRatedCard.swift */; };
		E5578AEC29A48FF000640DB4 /* MoviesApp.swift in Sources */ = {isa = PBXBuildFile; fileRef = E5578AEB29A48FF000640DB4 /* MoviesApp.swift */; };
		E5578AF029A48FF100640DB4 /* Assets.xcassets in Resources */ = {isa = PBXBuildFile; fileRef = E5578AEF29A48FF100640DB4 /* Assets.xcassets */; };
		E5578AF329A48FF100640DB4 /* Preview Assets.xcassets in Resources */ = {isa = PBXBuildFile; fileRef = E5578AF229A48FF100640DB4 /* Preview Assets.xcassets */; };
		E5578AF829A48FF100640DB4 /* Movies.xcdatamodeld in Sources */ = {isa = PBXBuildFile; fileRef = E5578AF629A48FF100640DB4 /* Movies.xcdatamodeld */; };
		E5578B0229A48FF100640DB4 /* MoviesTests.swift in Sources */ = {isa = PBXBuildFile; fileRef = E5578B0129A48FF100640DB4 /* MoviesTests.swift */; };
		E5578B0C29A48FF100640DB4 /* MoviesUITests.swift in Sources */ = {isa = PBXBuildFile; fileRef = E5578B0B29A48FF100640DB4 /* MoviesUITests.swift */; };
		E5578B0E29A48FF100640DB4 /* MoviesUITestsLaunchTests.swift in Sources */ = {isa = PBXBuildFile; fileRef = E5578B0D29A48FF100640DB4 /* MoviesUITestsLaunchTests.swift */; };
		E5578B1C29A4964400640DB4 /* HomeView.swift in Sources */ = {isa = PBXBuildFile; fileRef = E5578B1B29A4964400640DB4 /* HomeView.swift */; };
		E56C522629A6C6BC0008EB0B /* Caravel in Frameworks */ = {isa = PBXBuildFile; productRef = E56C522529A6C6BC0008EB0B /* Caravel */; };
		E56C522A29A6C6F90008EB0B /* HomeService.swift in Sources */ = {isa = PBXBuildFile; fileRef = E56C522929A6C6F90008EB0B /* HomeService.swift */; };
		E56C522E29A6C8720008EB0B /* MoviesEndpointProtocol.swift in Sources */ = {isa = PBXBuildFile; fileRef = E56C522D29A6C8720008EB0B /* MoviesEndpointProtocol.swift */; };
		E56C523429A738C40008EB0B /* MovieModel.swift in Sources */ = {isa = PBXBuildFile; fileRef = E56C523329A738C40008EB0B /* MovieModel.swift */; };
		E56C523729A7398C0008EB0B /* HomeRepository.swift in Sources */ = {isa = PBXBuildFile; fileRef = E56C523629A7398C0008EB0B /* HomeRepository.swift */; };
		E56C523B29A739CA0008EB0B /* Movie.swift in Sources */ = {isa = PBXBuildFile; fileRef = E56C523A29A739CA0008EB0B /* Movie.swift */; };
		E56C523E29A73F6E0008EB0B /* ImagePathMapper.swift in Sources */ = {isa = PBXBuildFile; fileRef = E56C523D29A73F6E0008EB0B /* ImagePathMapper.swift */; };
/* End PBXBuildFile section */

/* Begin PBXContainerItemProxy section */
		E5578AFE29A48FF100640DB4 /* PBXContainerItemProxy */ = {
			isa = PBXContainerItemProxy;
			containerPortal = E5578AE029A48FF000640DB4 /* Project object */;
			proxyType = 1;
			remoteGlobalIDString = E5578AE729A48FF000640DB4;
			remoteInfo = Movies;
		};
		E5578B0829A48FF100640DB4 /* PBXContainerItemProxy */ = {
			isa = PBXContainerItemProxy;
			containerPortal = E5578AE029A48FF000640DB4 /* Project object */;
			proxyType = 1;
			remoteGlobalIDString = E5578AE729A48FF000640DB4;
			remoteInfo = Movies;
		};
/* End PBXContainerItemProxy section */

/* Begin PBXFileReference section */
		E5396E6229A571E4009695BD /* TopRatedCard.swift */ = {isa = PBXFileReference; lastKnownFileType = sourcecode.swift; path = TopRatedCard.swift; sourceTree = "<group>"; };
		E5578AE829A48FF000640DB4 /* Movies.app */ = {isa = PBXFileReference; explicitFileType = wrapper.application; includeInIndex = 0; path = Movies.app; sourceTree = BUILT_PRODUCTS_DIR; };
		E5578AEB29A48FF000640DB4 /* MoviesApp.swift */ = {isa = PBXFileReference; lastKnownFileType = sourcecode.swift; path = MoviesApp.swift; sourceTree = "<group>"; };
		E5578AEF29A48FF100640DB4 /* Assets.xcassets */ = {isa = PBXFileReference; lastKnownFileType = folder.assetcatalog; path = Assets.xcassets; sourceTree = "<group>"; };
		E5578AF229A48FF100640DB4 /* Preview Assets.xcassets */ = {isa = PBXFileReference; lastKnownFileType = folder.assetcatalog; path = "Preview Assets.xcassets"; sourceTree = "<group>"; };
		E5578AF729A48FF100640DB4 /* Movies.xcdatamodel */ = {isa = PBXFileReference; lastKnownFileType = wrapper.xcdatamodel; path = Movies.xcdatamodel; sourceTree = "<group>"; };
		E5578AFD29A48FF100640DB4 /* MoviesTests.xctest */ = {isa = PBXFileReference; explicitFileType = wrapper.cfbundle; includeInIndex = 0; path = MoviesTests.xctest; sourceTree = BUILT_PRODUCTS_DIR; };
		E5578B0129A48FF100640DB4 /* MoviesTests.swift */ = {isa = PBXFileReference; lastKnownFileType = sourcecode.swift; path = MoviesTests.swift; sourceTree = "<group>"; };
		E5578B0729A48FF100640DB4 /* MoviesUITests.xctest */ = {isa = PBXFileReference; explicitFileType = wrapper.cfbundle; includeInIndex = 0; path = MoviesUITests.xctest; sourceTree = BUILT_PRODUCTS_DIR; };
		E5578B0B29A48FF100640DB4 /* MoviesUITests.swift */ = {isa = PBXFileReference; lastKnownFileType = sourcecode.swift; path = MoviesUITests.swift; sourceTree = "<group>"; };
		E5578B0D29A48FF100640DB4 /* MoviesUITestsLaunchTests.swift */ = {isa = PBXFileReference; lastKnownFileType = sourcecode.swift; path = MoviesUITestsLaunchTests.swift; sourceTree = "<group>"; };
		E5578B1B29A4964400640DB4 /* HomeView.swift */ = {isa = PBXFileReference; lastKnownFileType = sourcecode.swift; path = HomeView.swift; sourceTree = "<group>"; };
		E56C522929A6C6F90008EB0B /* HomeService.swift */ = {isa = PBXFileReference; lastKnownFileType = sourcecode.swift; path = HomeService.swift; sourceTree = "<group>"; };
		E56C522D29A6C8720008EB0B /* MoviesEndpointProtocol.swift */ = {isa = PBXFileReference; lastKnownFileType = sourcecode.swift; path = MoviesEndpointProtocol.swift; sourceTree = "<group>"; };
		E56C523329A738C40008EB0B /* MovieModel.swift */ = {isa = PBXFileReference; lastKnownFileType = sourcecode.swift; path = MovieModel.swift; sourceTree = "<group>"; };
		E56C523629A7398C0008EB0B /* HomeRepository.swift */ = {isa = PBXFileReference; lastKnownFileType = sourcecode.swift; path = HomeRepository.swift; sourceTree = "<group>"; };
		E56C523A29A739CA0008EB0B /* Movie.swift */ = {isa = PBXFileReference; lastKnownFileType = sourcecode.swift; path = Movie.swift; sourceTree = "<group>"; };
		E56C523D29A73F6E0008EB0B /* ImagePathMapper.swift */ = {isa = PBXFileReference; lastKnownFileType = sourcecode.swift; path = ImagePathMapper.swift; sourceTree = "<group>"; };
		E56C523F29A741260008EB0B /* AppConfig.xcconfig */ = {isa = PBXFileReference; lastKnownFileType = text.xcconfig; path = AppConfig.xcconfig; sourceTree = "<group>"; };
/* End PBXFileReference section */

/* Begin PBXFrameworksBuildPhase section */
		E5578AE529A48FF000640DB4 /* Frameworks */ = {
			isa = PBXFrameworksBuildPhase;
			buildActionMask = 2147483647;
			files = (
				E56C522629A6C6BC0008EB0B /* Caravel in Frameworks */,
			);
			runOnlyForDeploymentPostprocessing = 0;
		};
		E5578AFA29A48FF100640DB4 /* Frameworks */ = {
			isa = PBXFrameworksBuildPhase;
			buildActionMask = 2147483647;
			files = (
			);
			runOnlyForDeploymentPostprocessing = 0;
		};
		E5578B0429A48FF100640DB4 /* Frameworks */ = {
			isa = PBXFrameworksBuildPhase;
			buildActionMask = 2147483647;
			files = (
			);
			runOnlyForDeploymentPostprocessing = 0;
		};
/* End PBXFrameworksBuildPhase section */

/* Begin PBXGroup section */
		E5396E6129A571D0009695BD /* components */ = {
			isa = PBXGroup;
			children = (
				E5396E6229A571E4009695BD /* TopRatedCard.swift */,
			);
			path = components;
			sourceTree = "<group>";
		};
		E5578ADF29A48FF000640DB4 = {
			isa = PBXGroup;
			children = (
				E56C523F29A741260008EB0B /* AppConfig.xcconfig */,
				E5578AEA29A48FF000640DB4 /* Movies */,
				E5578B0029A48FF100640DB4 /* MoviesTests */,
				E5578B0A29A48FF100640DB4 /* MoviesUITests */,
				E5578AE929A48FF000640DB4 /* Products */,
			);
			sourceTree = "<group>";
		};
		E5578AE929A48FF000640DB4 /* Products */ = {
			isa = PBXGroup;
			children = (
				E5578AE829A48FF000640DB4 /* Movies.app */,
				E5578AFD29A48FF100640DB4 /* MoviesTests.xctest */,
				E5578B0729A48FF100640DB4 /* MoviesUITests.xctest */,
			);
			name = Products;
			sourceTree = "<group>";
		};
		E5578AEA29A48FF000640DB4 /* Movies */ = {
			isa = PBXGroup;
			children = (
				E56C522B29A6C8580008EB0B /* Platform */,
				E5578B1A29A4962E00640DB4 /* Home */,
				E5578AEB29A48FF000640DB4 /* MoviesApp.swift */,
				E5578AEF29A48FF100640DB4 /* Assets.xcassets */,
				E5578AF629A48FF100640DB4 /* Movies.xcdatamodeld */,
				E5578AF129A48FF100640DB4 /* Preview Content */,
			);
			path = Movies;
			sourceTree = "<group>";
		};
		E5578AF129A48FF100640DB4 /* Preview Content */ = {
			isa = PBXGroup;
			children = (
				E5578AF229A48FF100640DB4 /* Preview Assets.xcassets */,
			);
			path = "Preview Content";
			sourceTree = "<group>";
		};
		E5578B0029A48FF100640DB4 /* MoviesTests */ = {
			isa = PBXGroup;
			children = (
				E5578B0129A48FF100640DB4 /* MoviesTests.swift */,
			);
			path = MoviesTests;
			sourceTree = "<group>";
		};
		E5578B0A29A48FF100640DB4 /* MoviesUITests */ = {
			isa = PBXGroup;
			children = (
				E5578B0B29A48FF100640DB4 /* MoviesUITests.swift */,
				E5578B0D29A48FF100640DB4 /* MoviesUITestsLaunchTests.swift */,
			);
			path = MoviesUITests;
			sourceTree = "<group>";
		};
		E5578B1A29A4962E00640DB4 /* Home */ = {
			isa = PBXGroup;
			children = (
				E56C523829A739BC0008EB0B /* Domain */,
				E56C523129A6D02C0008EB0B /* Presentation */,
				E56C522729A6C6E60008EB0B /* Data */,
			);
			path = Home;
			sourceTree = "<group>";
		};
		E56C522729A6C6E60008EB0B /* Data */ = {
			isa = PBXGroup;
			children = (
				E56C523529A7397C0008EB0B /* Repository */,
				E56C523229A738B70008EB0B /* Model */,
				E56C522829A6C6ED0008EB0B /* Service */,
			);
			path = Data;
			sourceTree = "<group>";
		};
		E56C522829A6C6ED0008EB0B /* Service */ = {
			isa = PBXGroup;
			children = (
				E56C522929A6C6F90008EB0B /* HomeService.swift */,
			);
			path = Service;
			sourceTree = "<group>";
		};
		E56C522B29A6C8580008EB0B /* Platform */ = {
			isa = PBXGroup;
			children = (
				E56C522C29A6C85E0008EB0B /* Networking */,
			);
			path = Platform;
			sourceTree = "<group>";
		};
		E56C522C29A6C85E0008EB0B /* Networking */ = {
			isa = PBXGroup;
			children = (
				E56C522D29A6C8720008EB0B /* MoviesEndpointProtocol.swift */,
				E56C523D29A73F6E0008EB0B /* ImagePathMapper.swift */,
			);
			path = Networking;
			sourceTree = "<group>";
		};
		E56C523129A6D02C0008EB0B /* Presentation */ = {
			isa = PBXGroup;
			children = (
				E5578B1B29A4964400640DB4 /* HomeView.swift */,
				E5396E6129A571D0009695BD /* components */,
			);
			path = Presentation;
			sourceTree = "<group>";
		};
		E56C523229A738B70008EB0B /* Model */ = {
			isa = PBXGroup;
			children = (
				E56C523329A738C40008EB0B /* MovieModel.swift */,
			);
			path = Model;
			sourceTree = "<group>";
		};
		E56C523529A7397C0008EB0B /* Repository */ = {
			isa = PBXGroup;
			children = (
				E56C523629A7398C0008EB0B /* HomeRepository.swift */,
			);
			path = Repository;
			sourceTree = "<group>";
		};
		E56C523829A739BC0008EB0B /* Domain */ = {
			isa = PBXGroup;
			children = (
				E56C523929A739C00008EB0B /* Models */,
			);
			path = Domain;
			sourceTree = "<group>";
		};
		E56C523929A739C00008EB0B /* Models */ = {
			isa = PBXGroup;
			children = (
				E56C523A29A739CA0008EB0B /* Movie.swift */,
			);
			path = Models;
			sourceTree = "<group>";
		};
/* End PBXGroup section */

/* Begin PBXNativeTarget section */
		E5578AE729A48FF000640DB4 /* Movies */ = {
			isa = PBXNativeTarget;
			buildConfigurationList = E5578B1129A48FF100640DB4 /* Build configuration list for PBXNativeTarget "Movies" */;
			buildPhases = (
				E5578AE429A48FF000640DB4 /* Sources */,
				E5578AE529A48FF000640DB4 /* Frameworks */,
				E5578AE629A48FF000640DB4 /* Resources */,
			);
			buildRules = (
			);
			dependencies = (
			);
			name = Movies;
			packageProductDependencies = (
				E56C522529A6C6BC0008EB0B /* Caravel */,
			);
			productName = Movies;
			productReference = E5578AE829A48FF000640DB4 /* Movies.app */;
			productType = "com.apple.product-type.application";
		};
		E5578AFC29A48FF100640DB4 /* MoviesTests */ = {
			isa = PBXNativeTarget;
			buildConfigurationList = E5578B1429A48FF100640DB4 /* Build configuration list for PBXNativeTarget "MoviesTests" */;
			buildPhases = (
				E5578AF929A48FF100640DB4 /* Sources */,
				E5578AFA29A48FF100640DB4 /* Frameworks */,
				E5578AFB29A48FF100640DB4 /* Resources */,
			);
			buildRules = (
			);
			dependencies = (
				E5578AFF29A48FF100640DB4 /* PBXTargetDependency */,
			);
			name = MoviesTests;
			productName = MoviesTests;
			productReference = E5578AFD29A48FF100640DB4 /* MoviesTests.xctest */;
			productType = "com.apple.product-type.bundle.unit-test";
		};
		E5578B0629A48FF100640DB4 /* MoviesUITests */ = {
			isa = PBXNativeTarget;
			buildConfigurationList = E5578B1729A48FF100640DB4 /* Build configuration list for PBXNativeTarget "MoviesUITests" */;
			buildPhases = (
				E5578B0329A48FF100640DB4 /* Sources */,
				E5578B0429A48FF100640DB4 /* Frameworks */,
				E5578B0529A48FF100640DB4 /* Resources */,
			);
			buildRules = (
			);
			dependencies = (
				E5578B0929A48FF100640DB4 /* PBXTargetDependency */,
			);
			name = MoviesUITests;
			productName = MoviesUITests;
			productReference = E5578B0729A48FF100640DB4 /* MoviesUITests.xctest */;
			productType = "com.apple.product-type.bundle.ui-testing";
		};
/* End PBXNativeTarget section */

/* Begin PBXProject section */
		E5578AE029A48FF000640DB4 /* Project object */ = {
			isa = PBXProject;
			attributes = {
				BuildIndependentTargetsInParallel = 1;
				LastSwiftUpdateCheck = 1400;
				LastUpgradeCheck = 1400;
				TargetAttributes = {
					E5578AE729A48FF000640DB4 = {
						CreatedOnToolsVersion = 14.0;
					};
					E5578AFC29A48FF100640DB4 = {
						CreatedOnToolsVersion = 14.0;
						TestTargetID = E5578AE729A48FF000640DB4;
					};
					E5578B0629A48FF100640DB4 = {
						CreatedOnToolsVersion = 14.0;
						TestTargetID = E5578AE729A48FF000640DB4;
					};
				};
			};
			buildConfigurationList = E5578AE329A48FF000640DB4 /* Build configuration list for PBXProject "Movies" */;
			compatibilityVersion = "Xcode 14.0";
			developmentRegion = en;
			hasScannedForEncodings = 0;
			knownRegions = (
				en,
				Base,
			);
			mainGroup = E5578ADF29A48FF000640DB4;
			packageReferences = (
				E56C522429A6C6BC0008EB0B /* XCRemoteSwiftPackageReference "Caravel" */,
			);
			productRefGroup = E5578AE929A48FF000640DB4 /* Products */;
			projectDirPath = "";
			projectRoot = "";
			targets = (
				E5578AE729A48FF000640DB4 /* Movies */,
				E5578AFC29A48FF100640DB4 /* MoviesTests */,
				E5578B0629A48FF100640DB4 /* MoviesUITests */,
			);
		};
/* End PBXProject section */

/* Begin PBXResourcesBuildPhase section */
		E5578AE629A48FF000640DB4 /* Resources */ = {
			isa = PBXResourcesBuildPhase;
			buildActionMask = 2147483647;
			files = (
				E5578AF329A48FF100640DB4 /* Preview Assets.xcassets in Resources */,
				E5578AF029A48FF100640DB4 /* Assets.xcassets in Resources */,
			);
			runOnlyForDeploymentPostprocessing = 0;
		};
		E5578AFB29A48FF100640DB4 /* Resources */ = {
			isa = PBXResourcesBuildPhase;
			buildActionMask = 2147483647;
			files = (
			);
			runOnlyForDeploymentPostprocessing = 0;
		};
		E5578B0529A48FF100640DB4 /* Resources */ = {
			isa = PBXResourcesBuildPhase;
			buildActionMask = 2147483647;
			files = (
			);
			runOnlyForDeploymentPostprocessing = 0;
		};
/* End PBXResourcesBuildPhase section */

/* Begin PBXSourcesBuildPhase section */
		E5578AE429A48FF000640DB4 /* Sources */ = {
			isa = PBXSourcesBuildPhase;
			buildActionMask = 2147483647;
			files = (
				E56C523729A7398C0008EB0B /* HomeRepository.swift in Sources */,
				E56C523429A738C40008EB0B /* MovieModel.swift in Sources */,
				E56C523B29A739CA0008EB0B /* Movie.swift in Sources */,
				E56C522A29A6C6F90008EB0B /* HomeService.swift in Sources */,
				E5396E6329A571E4009695BD /* TopRatedCard.swift in Sources */,
				E5578AF829A48FF100640DB4 /* Movies.xcdatamodeld in Sources */,
				E56C522E29A6C8720008EB0B /* MoviesEndpointProtocol.swift in Sources */,
				E5578B1C29A4964400640DB4 /* HomeView.swift in Sources */,
				E5578AEC29A48FF000640DB4 /* MoviesApp.swift in Sources */,
				E56C523E29A73F6E0008EB0B /* ImagePathMapper.swift in Sources */,
			);
			runOnlyForDeploymentPostprocessing = 0;
		};
		E5578AF929A48FF100640DB4 /* Sources */ = {
			isa = PBXSourcesBuildPhase;
			buildActionMask = 2147483647;
			files = (
				E5578B0229A48FF100640DB4 /* MoviesTests.swift in Sources */,
			);
			runOnlyForDeploymentPostprocessing = 0;
		};
		E5578B0329A48FF100640DB4 /* Sources */ = {
			isa = PBXSourcesBuildPhase;
			buildActionMask = 2147483647;
			files = (
				E5578B0C29A48FF100640DB4 /* MoviesUITests.swift in Sources */,
				E5578B0E29A48FF100640DB4 /* MoviesUITestsLaunchTests.swift in Sources */,
			);
			runOnlyForDeploymentPostprocessing = 0;
		};
/* End PBXSourcesBuildPhase section */

/* Begin PBXTargetDependency section */
		E5578AFF29A48FF100640DB4 /* PBXTargetDependency */ = {
			isa = PBXTargetDependency;
			target = E5578AE729A48FF000640DB4 /* Movies */;
			targetProxy = E5578AFE29A48FF100640DB4 /* PBXContainerItemProxy */;
		};
		E5578B0929A48FF100640DB4 /* PBXTargetDependency */ = {
			isa = PBXTargetDependency;
			target = E5578AE729A48FF000640DB4 /* Movies */;
			targetProxy = E5578B0829A48FF100640DB4 /* PBXContainerItemProxy */;
		};
/* End PBXTargetDependency section */

/* Begin XCBuildConfiguration section */
		E5578B0F29A48FF100640DB4 /* Debug */ = {
			isa = XCBuildConfiguration;
			buildSettings = {
				ALWAYS_SEARCH_USER_PATHS = NO;
				CLANG_ANALYZER_NONNULL = YES;
				CLANG_ANALYZER_NUMBER_OBJECT_CONVERSION = YES_AGGRESSIVE;
				CLANG_CXX_LANGUAGE_STANDARD = "gnu++20";
				CLANG_ENABLE_MODULES = YES;
				CLANG_ENABLE_OBJC_ARC = YES;
				CLANG_ENABLE_OBJC_WEAK = YES;
				CLANG_WARN_BLOCK_CAPTURE_AUTORELEASING = YES;
				CLANG_WARN_BOOL_CONVERSION = YES;
				CLANG_WARN_COMMA = YES;
				CLANG_WARN_CONSTANT_CONVERSION = YES;
				CLANG_WARN_DEPRECATED_OBJC_IMPLEMENTATIONS = YES;
				CLANG_WARN_DIRECT_OBJC_ISA_USAGE = YES_ERROR;
				CLANG_WARN_DOCUMENTATION_COMMENTS = YES;
				CLANG_WARN_EMPTY_BODY = YES;
				CLANG_WARN_ENUM_CONVERSION = YES;
				CLANG_WARN_INFINITE_RECURSION = YES;
				CLANG_WARN_INT_CONVERSION = YES;
				CLANG_WARN_NON_LITERAL_NULL_CONVERSION = YES;
				CLANG_WARN_OBJC_IMPLICIT_RETAIN_SELF = YES;
				CLANG_WARN_OBJC_LITERAL_CONVERSION = YES;
				CLANG_WARN_OBJC_ROOT_CLASS = YES_ERROR;
				CLANG_WARN_QUOTED_INCLUDE_IN_FRAMEWORK_HEADER = YES;
				CLANG_WARN_RANGE_LOOP_ANALYSIS = YES;
				CLANG_WARN_STRICT_PROTOTYPES = YES;
				CLANG_WARN_SUSPICIOUS_MOVE = YES;
				CLANG_WARN_UNGUARDED_AVAILABILITY = YES_AGGRESSIVE;
				CLANG_WARN_UNREACHABLE_CODE = YES;
				CLANG_WARN__DUPLICATE_METHOD_MATCH = YES;
				COPY_PHASE_STRIP = NO;
				DEBUG_INFORMATION_FORMAT = dwarf;
				ENABLE_STRICT_OBJC_MSGSEND = YES;
				ENABLE_TESTABILITY = YES;
				GCC_C_LANGUAGE_STANDARD = gnu11;
				GCC_DYNAMIC_NO_PIC = NO;
				GCC_NO_COMMON_BLOCKS = YES;
				GCC_OPTIMIZATION_LEVEL = 0;
				GCC_PREPROCESSOR_DEFINITIONS = (
					"DEBUG=1",
					"$(inherited)",
				);
				GCC_WARN_64_TO_32_BIT_CONVERSION = YES;
				GCC_WARN_ABOUT_RETURN_TYPE = YES_ERROR;
				GCC_WARN_UNDECLARED_SELECTOR = YES;
				GCC_WARN_UNINITIALIZED_AUTOS = YES_AGGRESSIVE;
				GCC_WARN_UNUSED_FUNCTION = YES;
				GCC_WARN_UNUSED_VARIABLE = YES;
				IPHONEOS_DEPLOYMENT_TARGET = 16.0;
				MTL_ENABLE_DEBUG_INFO = INCLUDE_SOURCE;
				MTL_FAST_MATH = YES;
				ONLY_ACTIVE_ARCH = YES;
				SDKROOT = iphoneos;
				SWIFT_ACTIVE_COMPILATION_CONDITIONS = DEBUG;
				SWIFT_OPTIMIZATION_LEVEL = "-Onone";
			};
			name = Debug;
		};
		E5578B1029A48FF100640DB4 /* Release */ = {
			isa = XCBuildConfiguration;
			buildSettings = {
				ALWAYS_SEARCH_USER_PATHS = NO;
				CLANG_ANALYZER_NONNULL = YES;
				CLANG_ANALYZER_NUMBER_OBJECT_CONVERSION = YES_AGGRESSIVE;
				CLANG_CXX_LANGUAGE_STANDARD = "gnu++20";
				CLANG_ENABLE_MODULES = YES;
				CLANG_ENABLE_OBJC_ARC = YES;
				CLANG_ENABLE_OBJC_WEAK = YES;
				CLANG_WARN_BLOCK_CAPTURE_AUTORELEASING = YES;
				CLANG_WARN_BOOL_CONVERSION = YES;
				CLANG_WARN_COMMA = YES;
				CLANG_WARN_CONSTANT_CONVERSION = YES;
				CLANG_WARN_DEPRECATED_OBJC_IMPLEMENTATIONS = YES;
				CLANG_WARN_DIRECT_OBJC_ISA_USAGE = YES_ERROR;
				CLANG_WARN_DOCUMENTATION_COMMENTS = YES;
				CLANG_WARN_EMPTY_BODY = YES;
				CLANG_WARN_ENUM_CONVERSION = YES;
				CLANG_WARN_INFINITE_RECURSION = YES;
				CLANG_WARN_INT_CONVERSION = YES;
				CLANG_WARN_NON_LITERAL_NULL_CONVERSION = YES;
				CLANG_WARN_OBJC_IMPLICIT_RETAIN_SELF = YES;
				CLANG_WARN_OBJC_LITERAL_CONVERSION = YES;
				CLANG_WARN_OBJC_ROOT_CLASS = YES_ERROR;
				CLANG_WARN_QUOTED_INCLUDE_IN_FRAMEWORK_HEADER = YES;
				CLANG_WARN_RANGE_LOOP_ANALYSIS = YES;
				CLANG_WARN_STRICT_PROTOTYPES = YES;
				CLANG_WARN_SUSPICIOUS_MOVE = YES;
				CLANG_WARN_UNGUARDED_AVAILABILITY = YES_AGGRESSIVE;
				CLANG_WARN_UNREACHABLE_CODE = YES;
				CLANG_WARN__DUPLICATE_METHOD_MATCH = YES;
				COPY_PHASE_STRIP = NO;
				DEBUG_INFORMATION_FORMAT = "dwarf-with-dsym";
				ENABLE_NS_ASSERTIONS = NO;
				ENABLE_STRICT_OBJC_MSGSEND = YES;
				GCC_C_LANGUAGE_STANDARD = gnu11;
				GCC_NO_COMMON_BLOCKS = YES;
				GCC_WARN_64_TO_32_BIT_CONVERSION = YES;
				GCC_WARN_ABOUT_RETURN_TYPE = YES_ERROR;
				GCC_WARN_UNDECLARED_SELECTOR = YES;
				GCC_WARN_UNINITIALIZED_AUTOS = YES_AGGRESSIVE;
				GCC_WARN_UNUSED_FUNCTION = YES;
				GCC_WARN_UNUSED_VARIABLE = YES;
				IPHONEOS_DEPLOYMENT_TARGET = 16.0;
				MTL_ENABLE_DEBUG_INFO = NO;
				MTL_FAST_MATH = YES;
				SDKROOT = iphoneos;
				SWIFT_COMPILATION_MODE = wholemodule;
				SWIFT_OPTIMIZATION_LEVEL = "-O";
				VALIDATE_PRODUCT = YES;
			};
			name = Release;
		};
		E5578B1229A48FF100640DB4 /* Debug */ = {
			isa = XCBuildConfiguration;
			buildSettings = {
				ASSETCATALOG_COMPILER_APPICON_NAME = AppIcon;
				ASSETCATALOG_COMPILER_GLOBAL_ACCENT_COLOR_NAME = AccentColor;
				CODE_SIGN_STYLE = Automatic;
				CURRENT_PROJECT_VERSION = 1;
				DEVELOPMENT_ASSET_PATHS = "\"Movies/Preview Content\"";
				DEVELOPMENT_TEAM = 7H62BDWNNL;
				ENABLE_PREVIEWS = YES;
				GENERATE_INFOPLIST_FILE = YES;
				INFOPLIST_KEY_UIApplicationSceneManifest_Generation = YES;
				INFOPLIST_KEY_UIApplicationSupportsIndirectInputEvents = YES;
				INFOPLIST_KEY_UILaunchScreen_Generation = YES;
				INFOPLIST_KEY_UISupportedInterfaceOrientations_iPad = "UIInterfaceOrientationPortrait UIInterfaceOrientationPortraitUpsideDown UIInterfaceOrientationLandscapeLeft UIInterfaceOrientationLandscapeRight";
				INFOPLIST_KEY_UISupportedInterfaceOrientations_iPhone = "UIInterfaceOrientationPortrait UIInterfaceOrientationLandscapeLeft UIInterfaceOrientationLandscapeRight";
				LD_RUNPATH_SEARCH_PATHS = (
					"$(inherited)",
					"@executable_path/Frameworks",
				);
				MARKETING_VERSION = 1.0;
				PRODUCT_BUNDLE_IDENTIFIER = br.com.alaksion.Movies;
				PRODUCT_NAME = "$(TARGET_NAME)";
				SWIFT_EMIT_LOC_STRINGS = YES;
				SWIFT_VERSION = 5.0;
				TARGETED_DEVICE_FAMILY = "1,2";
			};
			name = Debug;
		};
		E5578B1329A48FF100640DB4 /* Release */ = {
			isa = XCBuildConfiguration;
			buildSettings = {
				ASSETCATALOG_COMPILER_APPICON_NAME = AppIcon;
				ASSETCATALOG_COMPILER_GLOBAL_ACCENT_COLOR_NAME = AccentColor;
				CODE_SIGN_STYLE = Automatic;
				CURRENT_PROJECT_VERSION = 1;
				DEVELOPMENT_ASSET_PATHS = "\"Movies/Preview Content\"";
				DEVELOPMENT_TEAM = 7H62BDWNNL;
				ENABLE_PREVIEWS = YES;
				GENERATE_INFOPLIST_FILE = YES;
				INFOPLIST_KEY_UIApplicationSceneManifest_Generation = YES;
				INFOPLIST_KEY_UIApplicationSupportsIndirectInputEvents = YES;
				INFOPLIST_KEY_UILaunchScreen_Generation = YES;
				INFOPLIST_KEY_UISupportedInterfaceOrientations_iPad = "UIInterfaceOrientationPortrait UIInterfaceOrientationPortraitUpsideDown UIInterfaceOrientationLandscapeLeft UIInterfaceOrientationLandscapeRight";
				INFOPLIST_KEY_UISupportedInterfaceOrientations_iPhone = "UIInterfaceOrientationPortrait UIInterfaceOrientationLandscapeLeft UIInterfaceOrientationLandscapeRight";
				LD_RUNPATH_SEARCH_PATHS = (
					"$(inherited)",
					"@executable_path/Frameworks",
				);
				MARKETING_VERSION = 1.0;
				PRODUCT_BUNDLE_IDENTIFIER = br.com.alaksion.Movies;
				PRODUCT_NAME = "$(TARGET_NAME)";
				SWIFT_EMIT_LOC_STRINGS = YES;
				SWIFT_VERSION = 5.0;
				TARGETED_DEVICE_FAMILY = "1,2";
			};
			name = Release;
		};
		E5578B1529A48FF100640DB4 /* Debug */ = {
			isa = XCBuildConfiguration;
			buildSettings = {
				ALWAYS_EMBED_SWIFT_STANDARD_LIBRARIES = YES;
				BUNDLE_LOADER = "$(TEST_HOST)";
				CODE_SIGN_STYLE = Automatic;
				CURRENT_PROJECT_VERSION = 1;
				DEVELOPMENT_TEAM = 7H62BDWNNL;
				GENERATE_INFOPLIST_FILE = YES;
				IPHONEOS_DEPLOYMENT_TARGET = 16.0;
				MARKETING_VERSION = 1.0;
				PRODUCT_BUNDLE_IDENTIFIER = br.com.alaksion.MoviesTests;
				PRODUCT_NAME = "$(TARGET_NAME)";
				SWIFT_EMIT_LOC_STRINGS = NO;
				SWIFT_VERSION = 5.0;
				TARGETED_DEVICE_FAMILY = "1,2";
				TEST_HOST = "$(BUILT_PRODUCTS_DIR)/Movies.app/$(BUNDLE_EXECUTABLE_FOLDER_PATH)/Movies";
			};
			name = Debug;
		};
		E5578B1629A48FF100640DB4 /* Release */ = {
			isa = XCBuildConfiguration;
			buildSettings = {
				ALWAYS_EMBED_SWIFT_STANDARD_LIBRARIES = YES;
				BUNDLE_LOADER = "$(TEST_HOST)";
				CODE_SIGN_STYLE = Automatic;
				CURRENT_PROJECT_VERSION = 1;
				DEVELOPMENT_TEAM = 7H62BDWNNL;
				GENERATE_INFOPLIST_FILE = YES;
				IPHONEOS_DEPLOYMENT_TARGET = 16.0;
				MARKETING_VERSION = 1.0;
				PRODUCT_BUNDLE_IDENTIFIER = br.com.alaksion.MoviesTests;
				PRODUCT_NAME = "$(TARGET_NAME)";
				SWIFT_EMIT_LOC_STRINGS = NO;
				SWIFT_VERSION = 5.0;
				TARGETED_DEVICE_FAMILY = "1,2";
				TEST_HOST = "$(BUILT_PRODUCTS_DIR)/Movies.app/$(BUNDLE_EXECUTABLE_FOLDER_PATH)/Movies";
			};
			name = Release;
		};
		E5578B1829A48FF100640DB4 /* Debug */ = {
			isa = XCBuildConfiguration;
			buildSettings = {
				ALWAYS_EMBED_SWIFT_STANDARD_LIBRARIES = YES;
				CODE_SIGN_STYLE = Automatic;
				CURRENT_PROJECT_VERSION = 1;
				DEVELOPMENT_TEAM = 7H62BDWNNL;
				GENERATE_INFOPLIST_FILE = YES;
				MARKETING_VERSION = 1.0;
				PRODUCT_BUNDLE_IDENTIFIER = br.com.alaksion.MoviesUITests;
				PRODUCT_NAME = "$(TARGET_NAME)";
				SWIFT_EMIT_LOC_STRINGS = NO;
				SWIFT_VERSION = 5.0;
				TARGETED_DEVICE_FAMILY = "1,2";
				TEST_TARGET_NAME = Movies;
			};
			name = Debug;
		};
		E5578B1929A48FF100640DB4 /* Release */ = {
			isa = XCBuildConfiguration;
			buildSettings = {
				ALWAYS_EMBED_SWIFT_STANDARD_LIBRARIES = YES;
				CODE_SIGN_STYLE = Automatic;
				CURRENT_PROJECT_VERSION = 1;
				DEVELOPMENT_TEAM = 7H62BDWNNL;
				GENERATE_INFOPLIST_FILE = YES;
				MARKETING_VERSION = 1.0;
				PRODUCT_BUNDLE_IDENTIFIER = br.com.alaksion.MoviesUITests;
				PRODUCT_NAME = "$(TARGET_NAME)";
				SWIFT_EMIT_LOC_STRINGS = NO;
				SWIFT_VERSION = 5.0;
				TARGETED_DEVICE_FAMILY = "1,2";
				TEST_TARGET_NAME = Movies;
			};
			name = Release;
		};
/* End XCBuildConfiguration section */

/* Begin XCConfigurationList section */
		E5578AE329A48FF000640DB4 /* Build configuration list for PBXProject "Movies" */ = {
			isa = XCConfigurationList;
			buildConfigurations = (
				E5578B0F29A48FF100640DB4 /* Debug */,
				E5578B1029A48FF100640DB4 /* Release */,
			);
			defaultConfigurationIsVisible = 0;
			defaultConfigurationName = Release;
		};
		E5578B1129A48FF100640DB4 /* Build configuration list for PBXNativeTarget "Movies" */ = {
			isa = XCConfigurationList;
			buildConfigurations = (
				E5578B1229A48FF100640DB4 /* Debug */,
				E5578B1329A48FF100640DB4 /* Release */,
			);
			defaultConfigurationIsVisible = 0;
			defaultConfigurationName = Release;
		};
		E5578B1429A48FF100640DB4 /* Build configuration list for PBXNativeTarget "MoviesTests" */ = {
			isa = XCConfigurationList;
			buildConfigurations = (
				E5578B1529A48FF100640DB4 /* Debug */,
				E5578B1629A48FF100640DB4 /* Release */,
			);
			defaultConfigurationIsVisible = 0;
			defaultConfigurationName = Release;
		};
		E5578B1729A48FF100640DB4 /* Build configuration list for PBXNativeTarget "MoviesUITests" */ = {
			isa = XCConfigurationList;
			buildConfigurations = (
				E5578B1829A48FF100640DB4 /* Debug */,
				E5578B1929A48FF100640DB4 /* Release */,
			);
			defaultConfigurationIsVisible = 0;
			defaultConfigurationName = Release;
		};
/* End XCConfigurationList section */

/* Begin XCRemoteSwiftPackageReference section */
		E56C522429A6C6BC0008EB0B /* XCRemoteSwiftPackageReference "Caravel" */ = {
			isa = XCRemoteSwiftPackageReference;
			repositoryURL = "https://github.com/Alaksion/Caravel";
			requirement = {
				branch = main;
				kind = branch;
			};
		};
/* End XCRemoteSwiftPackageReference section */

/* Begin XCSwiftPackageProductDependency section */
		E56C522529A6C6BC0008EB0B /* Caravel */ = {
			isa = XCSwiftPackageProductDependency;
			package = E56C522429A6C6BC0008EB0B /* XCRemoteSwiftPackageReference "Caravel" */;
			productName = Caravel;
		};
/* End XCSwiftPackageProductDependency section */

/* Begin XCVersionGroup section */
		E5578AF629A48FF100640DB4 /* Movies.xcdatamodeld */ = {
			isa = XCVersionGroup;
			children = (
				E5578AF729A48FF100640DB4 /* Movies.xcdatamodel */,
			);
			currentVersion = E5578AF729A48FF100640DB4 /* Movies.xcdatamodel */;
			path = Movies.xcdatamodeld;
			sourceTree = "<group>";
			versionGroupType = wrapper.xcdatamodel;
		};
/* End XCVersionGroup section */
	};
	rootObject = E5578AE029A48FF000640DB4 /* Project object */;
}
